// !$*UTF8*$!
{
	archiveVersion = 1;
	classes = {
	};
	objectVersion = 46;
	objects = {

/* Begin PBXBuildFile section */
		37A67149B8040920DACDD902 /* Pods_PayRoad.framework in Frameworks */ = {isa = PBXBuildFile; fileRef = 2E1B603C0E5E73CA5282ADBC /* Pods_PayRoad.framework */; };
		A74507BB1F3976C300DFFADF /* AppDelegate.swift in Sources */ = {isa = PBXBuildFile; fileRef = A74507BA1F3976C300DFFADF /* AppDelegate.swift */; };
		A74507BD1F3976C300DFFADF /* TravelTableViewController.swift in Sources */ = {isa = PBXBuildFile; fileRef = A74507BC1F3976C300DFFADF /* TravelTableViewController.swift */; };
		A74507C01F3976C300DFFADF /* TravelTableViewController.storyboard in Resources */ = {isa = PBXBuildFile; fileRef = A74507BE1F3976C300DFFADF /* TravelTableViewController.storyboard */; };
		A74507C21F3976C300DFFADF /* Assets.xcassets in Resources */ = {isa = PBXBuildFile; fileRef = A74507C11F3976C300DFFADF /* Assets.xcassets */; };
		A74507C51F3976C300DFFADF /* LaunchScreen.storyboard in Resources */ = {isa = PBXBuildFile; fileRef = A74507C31F3976C300DFFADF /* LaunchScreen.storyboard */; };
		A74507D81F3984AB00DFFADF /* Transaction.swift in Sources */ = {isa = PBXBuildFile; fileRef = A74507D71F3984AB00DFFADF /* Transaction.swift */; };
		A74507DA1F39878B00DFFADF /* Travel.swift in Sources */ = {isa = PBXBuildFile; fileRef = A74507D91F39878B00DFFADF /* Travel.swift */; };
		A74507DC1F39887B00DFFADF /* TransactionTableViewController.storyboard in Resources */ = {isa = PBXBuildFile; fileRef = A74507DB1F39887B00DFFADF /* TransactionTableViewController.storyboard */; };
		A74507DE1F3988BB00DFFADF /* TransactionTableViewController.swift in Sources */ = {isa = PBXBuildFile; fileRef = A74507DD1F3988BB00DFFADF /* TransactionTableViewController.swift */; };
		A74507E01F398BB800DFFADF /* Currency.swift in Sources */ = {isa = PBXBuildFile; fileRef = A74507DF1F398BB800DFFADF /* Currency.swift */; };
		A74507E21F398E2200DFFADF /* CurrencyEditorViewController.swift in Sources */ = {isa = PBXBuildFile; fileRef = A74507E11F398E2200DFFADF /* CurrencyEditorViewController.swift */; };
		A74507E41F39905900DFFADF /* CurrencyTableViewController.swift in Sources */ = {isa = PBXBuildFile; fileRef = A74507E31F39905900DFFADF /* CurrencyTableViewController.swift */; };
		A74507E71F3991E700DFFADF /* CurrencyTableViewController.storyboard in Resources */ = {isa = PBXBuildFile; fileRef = A74507E51F3991E700DFFADF /* CurrencyTableViewController.storyboard */; };
		A74507E91F39966600DFFADF /* TransactionEditorViewController.swift in Sources */ = {isa = PBXBuildFile; fileRef = A74507E81F39966600DFFADF /* TransactionEditorViewController.swift */; };
		A74507F11F39B29000DFFADF /* TravelEditorViewController.storyboard in Resources */ = {isa = PBXBuildFile; fileRef = A74507EF1F39B29000DFFADF /* TravelEditorViewController.storyboard */; };
		A74507F31F39B2AA00DFFADF /* TransactionEditorViewController.storyboard in Resources */ = {isa = PBXBuildFile; fileRef = A74507F21F39B2AA00DFFADF /* TransactionEditorViewController.storyboard */; };
		A74507F61F39B2C700DFFADF /* CurrencyEditorViewController.storyboard in Resources */ = {isa = PBXBuildFile; fileRef = A74507F41F39B2C700DFFADF /* CurrencyEditorViewController.storyboard */; };
		A74507FB1F3A4EBB00DFFADF /* ExtensionUITextField.swift in Sources */ = {isa = PBXBuildFile; fileRef = A74507FA1F3A4EBB00DFFADF /* ExtensionUITextField.swift */; };
		A74507FD1F3ADD5600DFFADF /* ExtensionUIStoryboard.swift in Sources */ = {isa = PBXBuildFile; fileRef = A74507FC1F3ADD5600DFFADF /* ExtensionUIStoryboard.swift */; };
		A77D74481F455297002BF9C8 /* TravelEditorViewController.swift in Sources */ = {isa = PBXBuildFile; fileRef = A77D74471F455297002BF9C8 /* TravelEditorViewController.swift */; };
		A77D744A1F457F25002BF9C8 /* ExtensionUIAlertController.swift in Sources */ = {isa = PBXBuildFile; fileRef = A77D74491F457F25002BF9C8 /* ExtensionUIAlertController.swift */; };
		A7B4F6E01F436E900049D812 /* ExtensionUIView.swift in Sources */ = {isa = PBXBuildFile; fileRef = A7B4F6DF1F436E900049D812 /* ExtensionUIView.swift */; };
		A7B4F6E21F4379920049D812 /* ExtensionDataFormatter.swift in Sources */ = {isa = PBXBuildFile; fileRef = A7B4F6E11F4379920049D812 /* ExtensionDataFormatter.swift */; };
		A7B4F6E41F437A1F0049D812 /* CategoryCollectionViewCell.swift in Sources */ = {isa = PBXBuildFile; fileRef = A7B4F6E31F437A1F0049D812 /* CategoryCollectionViewCell.swift */; };
		A7B4F6E61F437A320049D812 /* CategoryCollectionViewCell.xib in Resources */ = {isa = PBXBuildFile; fileRef = A7B4F6E51F437A320049D812 /* CategoryCollectionViewCell.xib */; };
		A7B4F6E81F43A30C0049D812 /* UnableInputTextField.swift in Sources */ = {isa = PBXBuildFile; fileRef = A7B4F6E71F43A30C0049D812 /* UnableInputTextField.swift */; };
		A7B4F6EC1F4434D30049D812 /* TravelTableViewCell.swift in Sources */ = {isa = PBXBuildFile; fileRef = A7B4F6EB1F4434D30049D812 /* TravelTableViewCell.swift */; };
		A7B4F6EE1F4439C40049D812 /* CustomLabel.swift in Sources */ = {isa = PBXBuildFile; fileRef = A7B4F6ED1F4439C40049D812 /* CustomLabel.swift */; };
		A7B4F6F11F444DD70049D812 /* TravelView.xib in Resources */ = {isa = PBXBuildFile; fileRef = A7B4F6F01F444DD70049D812 /* TravelView.xib */; };
		A7B4F6F31F444EA80049D812 /* TravelView.swift in Sources */ = {isa = PBXBuildFile; fileRef = A7B4F6F21F444EA80049D812 /* TravelView.swift */; };
		A7EBD22D1F3EB64A0057E844 /* DateSelectCollectionViewCell.swift in Sources */ = {isa = PBXBuildFile; fileRef = A7EBD22C1F3EB64A0057E844 /* DateSelectCollectionViewCell.swift */; };
		A7EBD22F1F3ED8790057E844 /* ColorStore.swift in Sources */ = {isa = PBXBuildFile; fileRef = A7EBD22E1F3ED8790057E844 /* ColorStore.swift */; };
		A7EBD2311F3ED8BE0057E844 /* ExtensionUIColor.swift in Sources */ = {isa = PBXBuildFile; fileRef = A7EBD2301F3ED8BE0057E844 /* ExtensionUIColor.swift */; };
		B380C12F1F3D3109003857A2 /* DateInRegion.swift in Sources */ = {isa = PBXBuildFile; fileRef = B380C12E1F3D3109003857A2 /* DateInRegion.swift */; };
		B38735E21F418E51000DC81C /* YMD.swift in Sources */ = {isa = PBXBuildFile; fileRef = B38735E11F418E51000DC81C /* YMD.swift */; };
		B38735E81F45C5CE000DC81C /* RealmInitializer.swift in Sources */ = {isa = PBXBuildFile; fileRef = B38735E71F45C5CE000DC81C /* RealmInitializer.swift */; };
		B3FE8ACD1F3AD50A00A4A6C4 /* CurrencySelectTableViewController.swift in Sources */ = {isa = PBXBuildFile; fileRef = B3FE8ACC1F3AD50A00A4A6C4 /* CurrencySelectTableViewController.swift */; };
		B3FE8ACF1F3AD58C00A4A6C4 /* CurrencySelectTableViewController.storyboard in Resources */ = {isa = PBXBuildFile; fileRef = B3FE8ACE1F3AD58C00A4A6C4 /* CurrencySelectTableViewController.storyboard */; };
		E50D13AA1F41C56E00BD36CC /* FileUtil.swift in Sources */ = {isa = PBXBuildFile; fileRef = E50D13A91F41C56E00BD36CC /* FileUtil.swift */; };
		E50D13AC1F41CB3200BD36CC /* Photo.swift in Sources */ = {isa = PBXBuildFile; fileRef = E50D13AB1F41CB3200BD36CC /* Photo.swift */; };
		E50D13B01F42D91200BD36CC /* Category.swift in Sources */ = {isa = PBXBuildFile; fileRef = E50D13AF1F42D91200BD36CC /* Category.swift */; };
		E50D13B21F43F2A300BD36CC /* CurrencyBudgetTableViewCell.swift in Sources */ = {isa = PBXBuildFile; fileRef = E50D13B11F43F2A300BD36CC /* CurrencyBudgetTableViewCell.swift */; };
		E5B26E581F3AC8CF00D63AAB /* RealmHelper.swift in Sources */ = {isa = PBXBuildFile; fileRef = E5B26E571F3AC8CF00D63AAB /* RealmHelper.swift */; };
		E5B26E5D1F3C11A100D63AAB /* DateUtil.swift in Sources */ = {isa = PBXBuildFile; fileRef = E5B26E5C1F3C11A100D63AAB /* DateUtil.swift */; };
		E5C9B8EA1F45533B005B1353 /* TransactionTableViewCell.xib in Resources */ = {isa = PBXBuildFile; fileRef = E5C9B8E91F45533B005B1353 /* TransactionTableViewCell.xib */; };
		E5CADCE01F449D280072AB15 /* TransactionTableViewCell.swift in Sources */ = {isa = PBXBuildFile; fileRef = E5CADCDF1F449D280072AB15 /* TransactionTableViewCell.swift */; };
		E5EA601B1F3FD4AC0077B39D /* ExtensionUIImage.swift in Sources */ = {isa = PBXBuildFile; fileRef = E5EA601A1F3FD4AC0077B39D /* ExtensionUIImage.swift */; };
/* End PBXBuildFile section */

/* Begin PBXFileReference section */
		2E1B603C0E5E73CA5282ADBC /* Pods_PayRoad.framework */ = {isa = PBXFileReference; explicitFileType = wrapper.framework; includeInIndex = 0; path = Pods_PayRoad.framework; sourceTree = BUILT_PRODUCTS_DIR; };
		53275B437C85A3D9CB30A8FA /* Pods-PayRoad.release.xcconfig */ = {isa = PBXFileReference; includeInIndex = 1; lastKnownFileType = text.xcconfig; name = "Pods-PayRoad.release.xcconfig"; path = "Pods/Target Support Files/Pods-PayRoad/Pods-PayRoad.release.xcconfig"; sourceTree = "<group>"; };
		7D962E818C81615168C21B29 /* Pods-PayRoad.debug.xcconfig */ = {isa = PBXFileReference; includeInIndex = 1; lastKnownFileType = text.xcconfig; name = "Pods-PayRoad.debug.xcconfig"; path = "Pods/Target Support Files/Pods-PayRoad/Pods-PayRoad.debug.xcconfig"; sourceTree = "<group>"; };
		A74507B71F3976C300DFFADF /* PayRoad.app */ = {isa = PBXFileReference; explicitFileType = wrapper.application; includeInIndex = 0; path = PayRoad.app; sourceTree = BUILT_PRODUCTS_DIR; };
		A74507BA1F3976C300DFFADF /* AppDelegate.swift */ = {isa = PBXFileReference; lastKnownFileType = sourcecode.swift; path = AppDelegate.swift; sourceTree = "<group>"; };
		A74507BC1F3976C300DFFADF /* TravelTableViewController.swift */ = {isa = PBXFileReference; lastKnownFileType = sourcecode.swift; path = TravelTableViewController.swift; sourceTree = "<group>"; };
		A74507BF1F3976C300DFFADF /* Base */ = {isa = PBXFileReference; lastKnownFileType = file.storyboard; name = Base; path = Base.lproj/TravelTableViewController.storyboard; sourceTree = "<group>"; };
		A74507C11F3976C300DFFADF /* Assets.xcassets */ = {isa = PBXFileReference; lastKnownFileType = folder.assetcatalog; path = Assets.xcassets; sourceTree = "<group>"; };
		A74507C41F3976C300DFFADF /* Base */ = {isa = PBXFileReference; lastKnownFileType = file.storyboard; name = Base; path = Base.lproj/LaunchScreen.storyboard; sourceTree = "<group>"; };
		A74507C61F3976C300DFFADF /* Info.plist */ = {isa = PBXFileReference; lastKnownFileType = text.plist.xml; path = Info.plist; sourceTree = "<group>"; };
		A74507D71F3984AB00DFFADF /* Transaction.swift */ = {isa = PBXFileReference; fileEncoding = 4; lastKnownFileType = sourcecode.swift; path = Transaction.swift; sourceTree = "<group>"; };
		A74507D91F39878B00DFFADF /* Travel.swift */ = {isa = PBXFileReference; fileEncoding = 4; lastKnownFileType = sourcecode.swift; path = Travel.swift; sourceTree = "<group>"; };
		A74507DB1F39887B00DFFADF /* TransactionTableViewController.storyboard */ = {isa = PBXFileReference; fileEncoding = 4; lastKnownFileType = file.storyboard; path = TransactionTableViewController.storyboard; sourceTree = "<group>"; };
		A74507DD1F3988BB00DFFADF /* TransactionTableViewController.swift */ = {isa = PBXFileReference; fileEncoding = 4; lastKnownFileType = sourcecode.swift; path = TransactionTableViewController.swift; sourceTree = "<group>"; };
		A74507DF1F398BB800DFFADF /* Currency.swift */ = {isa = PBXFileReference; fileEncoding = 4; lastKnownFileType = sourcecode.swift; path = Currency.swift; sourceTree = "<group>"; };
		A74507E11F398E2200DFFADF /* CurrencyEditorViewController.swift */ = {isa = PBXFileReference; fileEncoding = 4; lastKnownFileType = sourcecode.swift; path = CurrencyEditorViewController.swift; sourceTree = "<group>"; };
		A74507E31F39905900DFFADF /* CurrencyTableViewController.swift */ = {isa = PBXFileReference; fileEncoding = 4; lastKnownFileType = sourcecode.swift; path = CurrencyTableViewController.swift; sourceTree = "<group>"; };
		A74507E61F3991E700DFFADF /* Base */ = {isa = PBXFileReference; lastKnownFileType = file.storyboard; name = Base; path = Base.lproj/CurrencyTableViewController.storyboard; sourceTree = "<group>"; };
		A74507E81F39966600DFFADF /* TransactionEditorViewController.swift */ = {isa = PBXFileReference; fileEncoding = 4; lastKnownFileType = sourcecode.swift; path = TransactionEditorViewController.swift; sourceTree = "<group>"; };
		A74507F01F39B29000DFFADF /* Base */ = {isa = PBXFileReference; lastKnownFileType = file.storyboard; name = Base; path = Base.lproj/TravelEditorViewController.storyboard; sourceTree = "<group>"; };
		A74507F21F39B2AA00DFFADF /* TransactionEditorViewController.storyboard */ = {isa = PBXFileReference; fileEncoding = 4; lastKnownFileType = file.storyboard; path = TransactionEditorViewController.storyboard; sourceTree = "<group>"; };
		A74507F51F39B2C700DFFADF /* Base */ = {isa = PBXFileReference; lastKnownFileType = file.storyboard; name = Base; path = Base.lproj/CurrencyEditorViewController.storyboard; sourceTree = "<group>"; };
		A74507FA1F3A4EBB00DFFADF /* ExtensionUITextField.swift */ = {isa = PBXFileReference; fileEncoding = 4; lastKnownFileType = sourcecode.swift; path = ExtensionUITextField.swift; sourceTree = "<group>"; };
		A74507FC1F3ADD5600DFFADF /* ExtensionUIStoryboard.swift */ = {isa = PBXFileReference; fileEncoding = 4; lastKnownFileType = sourcecode.swift; path = ExtensionUIStoryboard.swift; sourceTree = "<group>"; };
		A77D74471F455297002BF9C8 /* TravelEditorViewController.swift */ = {isa = PBXFileReference; fileEncoding = 4; lastKnownFileType = sourcecode.swift; path = TravelEditorViewController.swift; sourceTree = "<group>"; };
		A77D74491F457F25002BF9C8 /* ExtensionUIAlertController.swift */ = {isa = PBXFileReference; fileEncoding = 4; lastKnownFileType = sourcecode.swift; path = ExtensionUIAlertController.swift; sourceTree = "<group>"; };
		A7B4F6DF1F436E900049D812 /* ExtensionUIView.swift */ = {isa = PBXFileReference; fileEncoding = 4; lastKnownFileType = sourcecode.swift; path = ExtensionUIView.swift; sourceTree = "<group>"; };
		A7B4F6E11F4379920049D812 /* ExtensionDataFormatter.swift */ = {isa = PBXFileReference; fileEncoding = 4; lastKnownFileType = sourcecode.swift; path = ExtensionDataFormatter.swift; sourceTree = "<group>"; };
		A7B4F6E31F437A1F0049D812 /* CategoryCollectionViewCell.swift */ = {isa = PBXFileReference; fileEncoding = 4; lastKnownFileType = sourcecode.swift; path = CategoryCollectionViewCell.swift; sourceTree = "<group>"; };
		A7B4F6E51F437A320049D812 /* CategoryCollectionViewCell.xib */ = {isa = PBXFileReference; fileEncoding = 4; lastKnownFileType = file.xib; path = CategoryCollectionViewCell.xib; sourceTree = "<group>"; };
		A7B4F6E71F43A30C0049D812 /* UnableInputTextField.swift */ = {isa = PBXFileReference; fileEncoding = 4; lastKnownFileType = sourcecode.swift; path = UnableInputTextField.swift; sourceTree = "<group>"; };
		A7B4F6EB1F4434D30049D812 /* TravelTableViewCell.swift */ = {isa = PBXFileReference; fileEncoding = 4; lastKnownFileType = sourcecode.swift; path = TravelTableViewCell.swift; sourceTree = "<group>"; };
		A7B4F6ED1F4439C40049D812 /* CustomLabel.swift */ = {isa = PBXFileReference; fileEncoding = 4; lastKnownFileType = sourcecode.swift; path = CustomLabel.swift; sourceTree = "<group>"; };
		A7B4F6F01F444DD70049D812 /* TravelView.xib */ = {isa = PBXFileReference; fileEncoding = 4; lastKnownFileType = file.xib; path = TravelView.xib; sourceTree = "<group>"; };
		A7B4F6F21F444EA80049D812 /* TravelView.swift */ = {isa = PBXFileReference; fileEncoding = 4; lastKnownFileType = sourcecode.swift; path = TravelView.swift; sourceTree = "<group>"; };
		A7EBD22C1F3EB64A0057E844 /* DateSelectCollectionViewCell.swift */ = {isa = PBXFileReference; fileEncoding = 4; lastKnownFileType = sourcecode.swift; path = DateSelectCollectionViewCell.swift; sourceTree = "<group>"; };
		A7EBD22E1F3ED8790057E844 /* ColorStore.swift */ = {isa = PBXFileReference; fileEncoding = 4; lastKnownFileType = sourcecode.swift; path = ColorStore.swift; sourceTree = "<group>"; };
		A7EBD2301F3ED8BE0057E844 /* ExtensionUIColor.swift */ = {isa = PBXFileReference; fileEncoding = 4; lastKnownFileType = sourcecode.swift; path = ExtensionUIColor.swift; sourceTree = "<group>"; };
		B380C12E1F3D3109003857A2 /* DateInRegion.swift */ = {isa = PBXFileReference; fileEncoding = 4; lastKnownFileType = sourcecode.swift; path = DateInRegion.swift; sourceTree = "<group>"; };
		B38735E11F418E51000DC81C /* YMD.swift */ = {isa = PBXFileReference; fileEncoding = 4; lastKnownFileType = sourcecode.swift; path = YMD.swift; sourceTree = "<group>"; };
		B38735E71F45C5CE000DC81C /* RealmInitializer.swift */ = {isa = PBXFileReference; fileEncoding = 4; lastKnownFileType = sourcecode.swift; path = RealmInitializer.swift; sourceTree = "<group>"; };
		B3FE8ACC1F3AD50A00A4A6C4 /* CurrencySelectTableViewController.swift */ = {isa = PBXFileReference; fileEncoding = 4; lastKnownFileType = sourcecode.swift; path = CurrencySelectTableViewController.swift; sourceTree = "<group>"; };
		B3FE8ACE1F3AD58C00A4A6C4 /* CurrencySelectTableViewController.storyboard */ = {isa = PBXFileReference; fileEncoding = 4; lastKnownFileType = file.storyboard; path = CurrencySelectTableViewController.storyboard; sourceTree = "<group>"; };
		E50D13A91F41C56E00BD36CC /* FileUtil.swift */ = {isa = PBXFileReference; fileEncoding = 4; lastKnownFileType = sourcecode.swift; path = FileUtil.swift; sourceTree = "<group>"; };
		E50D13AB1F41CB3200BD36CC /* Photo.swift */ = {isa = PBXFileReference; fileEncoding = 4; lastKnownFileType = sourcecode.swift; path = Photo.swift; sourceTree = "<group>"; };
		E50D13AF1F42D91200BD36CC /* Category.swift */ = {isa = PBXFileReference; fileEncoding = 4; lastKnownFileType = sourcecode.swift; path = Category.swift; sourceTree = "<group>"; };
		E50D13B11F43F2A300BD36CC /* CurrencyBudgetTableViewCell.swift */ = {isa = PBXFileReference; fileEncoding = 4; lastKnownFileType = sourcecode.swift; path = CurrencyBudgetTableViewCell.swift; sourceTree = "<group>"; };
		E5B26E571F3AC8CF00D63AAB /* RealmHelper.swift */ = {isa = PBXFileReference; fileEncoding = 4; lastKnownFileType = sourcecode.swift; path = RealmHelper.swift; sourceTree = "<group>"; };
		E5B26E5C1F3C11A100D63AAB /* DateUtil.swift */ = {isa = PBXFileReference; fileEncoding = 4; lastKnownFileType = sourcecode.swift; path = DateUtil.swift; sourceTree = "<group>"; };
		E5C9B8E91F45533B005B1353 /* TransactionTableViewCell.xib */ = {isa = PBXFileReference; fileEncoding = 4; lastKnownFileType = file.xib; path = TransactionTableViewCell.xib; sourceTree = "<group>"; };
		E5CADCDF1F449D280072AB15 /* TransactionTableViewCell.swift */ = {isa = PBXFileReference; fileEncoding = 4; lastKnownFileType = sourcecode.swift; path = TransactionTableViewCell.swift; sourceTree = "<group>"; };
		E5EA601A1F3FD4AC0077B39D /* ExtensionUIImage.swift */ = {isa = PBXFileReference; fileEncoding = 4; lastKnownFileType = sourcecode.swift; path = ExtensionUIImage.swift; sourceTree = "<group>"; };
/* End PBXFileReference section */

/* Begin PBXFrameworksBuildPhase section */
		A74507B41F3976C300DFFADF /* Frameworks */ = {
			isa = PBXFrameworksBuildPhase;
			buildActionMask = 2147483647;
			files = (
				37A67149B8040920DACDD902 /* Pods_PayRoad.framework in Frameworks */,
			);
			runOnlyForDeploymentPostprocessing = 0;
		};
/* End PBXFrameworksBuildPhase section */

/* Begin PBXGroup section */
		5C424914B26BD5474F521B59 /* Frameworks */ = {
			isa = PBXGroup;
			children = (
				2E1B603C0E5E73CA5282ADBC /* Pods_PayRoad.framework */,
			);
			name = Frameworks;
			sourceTree = "<group>";
		};
		A74507AE1F3976C300DFFADF = {
			isa = PBXGroup;
			children = (
				A74507B91F3976C300DFFADF /* PayRoad */,
				A74507B81F3976C300DFFADF /* Products */,
				CDA36D981A0D25526FB5B498 /* Pods */,
				5C424914B26BD5474F521B59 /* Frameworks */,
			);
			sourceTree = "<group>";
		};
		A74507B81F3976C300DFFADF /* Products */ = {
			isa = PBXGroup;
			children = (
				A74507B71F3976C300DFFADF /* PayRoad.app */,
			);
			name = Products;
			sourceTree = "<group>";
		};
		A74507B91F3976C300DFFADF /* PayRoad */ = {
			isa = PBXGroup;
			children = (
				A74507BA1F3976C300DFFADF /* AppDelegate.swift */,
				A74507D41F397C6B00DFFADF /* Model */,
				A74507EA1F399CDB00DFFADF /* Travel */,
				A74507EB1F399CE600DFFADF /* Transaction */,
				A74507EC1F399CF200DFFADF /* Currency */,
				A74507F71F3A217400DFFADF /* Extension */,
				A7B4F6EF1F444DC40049D812 /* View */,
				A74507CD1F3976FF00DFFADF /* Resource */,
			);
			path = PayRoad;
			sourceTree = "<group>";
		};
		A74507CD1F3976FF00DFFADF /* Resource */ = {
			isa = PBXGroup;
			children = (
				A74507C11F3976C300DFFADF /* Assets.xcassets */,
				A74507C31F3976C300DFFADF /* LaunchScreen.storyboard */,
				A74507C61F3976C300DFFADF /* Info.plist */,
			);
			name = Resource;
			sourceTree = "<group>";
		};
		A74507D41F397C6B00DFFADF /* Model */ = {
			isa = PBXGroup;
			children = (
				A74507D91F39878B00DFFADF /* Travel.swift */,
				E50D13AF1F42D91200BD36CC /* Category.swift */,
				A74507D71F3984AB00DFFADF /* Transaction.swift */,
				A74507DF1F398BB800DFFADF /* Currency.swift */,
				B380C12E1F3D3109003857A2 /* DateInRegion.swift */,
				B38735E11F418E51000DC81C /* YMD.swift */,
				E50D13AB1F41CB3200BD36CC /* Photo.swift */,
			);
			name = Model;
			sourceTree = "<group>";
		};
		A74507EA1F399CDB00DFFADF /* Travel */ = {
			isa = PBXGroup;
			children = (
				A74507BC1F3976C300DFFADF /* TravelTableViewController.swift */,
				A7B4F6EB1F4434D30049D812 /* TravelTableViewCell.swift */,
				A74507BE1F3976C300DFFADF /* TravelTableViewController.storyboard */,
				A77D74471F455297002BF9C8 /* TravelEditorViewController.swift */,
				A74507EF1F39B29000DFFADF /* TravelEditorViewController.storyboard */,
			);
			name = Travel;
			sourceTree = "<group>";
		};
		A74507EB1F399CE600DFFADF /* Transaction */ = {
			isa = PBXGroup;
			children = (
				A74507DD1F3988BB00DFFADF /* TransactionTableViewController.swift */,
				A7EBD22C1F3EB64A0057E844 /* DateSelectCollectionViewCell.swift */,
				A74507DB1F39887B00DFFADF /* TransactionTableViewController.storyboard */,
				A74507E81F39966600DFFADF /* TransactionEditorViewController.swift */,
				A74507F21F39B2AA00DFFADF /* TransactionEditorViewController.storyboard */,
				A7B4F6E31F437A1F0049D812 /* CategoryCollectionViewCell.swift */,
				E5CADCDF1F449D280072AB15 /* TransactionTableViewCell.swift */,
			);
			name = Transaction;
			sourceTree = "<group>";
		};
		A74507EC1F399CF200DFFADF /* Currency */ = {
			isa = PBXGroup;
			children = (
				A74507E31F39905900DFFADF /* CurrencyTableViewController.swift */,
				A74507E51F3991E700DFFADF /* CurrencyTableViewController.storyboard */,
				A74507E11F398E2200DFFADF /* CurrencyEditorViewController.swift */,
				A74507F41F39B2C700DFFADF /* CurrencyEditorViewController.storyboard */,
				B3FE8ACC1F3AD50A00A4A6C4 /* CurrencySelectTableViewController.swift */,
				B3FE8ACE1F3AD58C00A4A6C4 /* CurrencySelectTableViewController.storyboard */,
				E50D13B11F43F2A300BD36CC /* CurrencyBudgetTableViewCell.swift */,
			);
			name = Currency;
			sourceTree = "<group>";
		};
		A74507F71F3A217400DFFADF /* Extension */ = {
			isa = PBXGroup;
			children = (
				A74507FC1F3ADD5600DFFADF /* ExtensionUIStoryboard.swift */,
				B38735E71F45C5CE000DC81C /* RealmInitializer.swift */,
				A7B4F6DF1F436E900049D812 /* ExtensionUIView.swift */,
				A77D74491F457F25002BF9C8 /* ExtensionUIAlertController.swift */,
				E5EA601A1F3FD4AC0077B39D /* ExtensionUIImage.swift */,
				A74507FA1F3A4EBB00DFFADF /* ExtensionUITextField.swift */,
				A7B4F6ED1F4439C40049D812 /* CustomLabel.swift */,
				A7B4F6E71F43A30C0049D812 /* UnableInputTextField.swift */,
				A7EBD2301F3ED8BE0057E844 /* ExtensionUIColor.swift */,
				A7B4F6E11F4379920049D812 /* ExtensionDataFormatter.swift */,
				E5B26E571F3AC8CF00D63AAB /* RealmHelper.swift */,
				E5B26E5C1F3C11A100D63AAB /* DateUtil.swift */,
				E50D13A91F41C56E00BD36CC /* FileUtil.swift */,
				A7EBD22E1F3ED8790057E844 /* ColorStore.swift */,
				A7B4F6E51F437A320049D812 /* CategoryCollectionViewCell.xib */,
				E5C9B8E91F45533B005B1353 /* TransactionTableViewCell.xib */,
			);
			name = Extension;
			sourceTree = "<group>";
		};
		A7B4F6EF1F444DC40049D812 /* View */ = {
			isa = PBXGroup;
			children = (
				A7B4F6F21F444EA80049D812 /* TravelView.swift */,
				A7B4F6F01F444DD70049D812 /* TravelView.xib */,
			);
			name = View;
			sourceTree = "<group>";
		};
		CDA36D981A0D25526FB5B498 /* Pods */ = {
			isa = PBXGroup;
			children = (
				7D962E818C81615168C21B29 /* Pods-PayRoad.debug.xcconfig */,
				53275B437C85A3D9CB30A8FA /* Pods-PayRoad.release.xcconfig */,
			);
			name = Pods;
			sourceTree = "<group>";
		};
/* End PBXGroup section */

/* Begin PBXNativeTarget section */
		A74507B61F3976C300DFFADF /* PayRoad */ = {
			isa = PBXNativeTarget;
			buildConfigurationList = A74507C91F3976C300DFFADF /* Build configuration list for PBXNativeTarget "PayRoad" */;
			buildPhases = (
				757D2B083F5008C88442AB10 /* [CP] Check Pods Manifest.lock */,
				A74507B31F3976C300DFFADF /* Sources */,
				A74507B41F3976C300DFFADF /* Frameworks */,
				A74507B51F3976C300DFFADF /* Resources */,
				2478FBA26A58B5BA478048E9 /* [CP] Embed Pods Frameworks */,
				94C20AD4755C436885F9942C /* [CP] Copy Pods Resources */,
			);
			buildRules = (
			);
			dependencies = (
			);
			name = PayRoad;
			productName = PayRoad;
			productReference = A74507B71F3976C300DFFADF /* PayRoad.app */;
			productType = "com.apple.product-type.application";
		};
/* End PBXNativeTarget section */

/* Begin PBXProject section */
		A74507AF1F3976C300DFFADF /* Project object */ = {
			isa = PBXProject;
			attributes = {
				LastSwiftUpdateCheck = 0830;
				LastUpgradeCheck = 0830;
				ORGANIZATIONNAME = REFUEL;
				TargetAttributes = {
					A74507B61F3976C300DFFADF = {
						CreatedOnToolsVersion = 8.3.3;
						ProvisioningStyle = Automatic;
					};
				};
			};
			buildConfigurationList = A74507B21F3976C300DFFADF /* Build configuration list for PBXProject "PayRoad" */;
			compatibilityVersion = "Xcode 3.2";
			developmentRegion = English;
			hasScannedForEncodings = 0;
			knownRegions = (
				en,
				Base,
			);
			mainGroup = A74507AE1F3976C300DFFADF;
			productRefGroup = A74507B81F3976C300DFFADF /* Products */;
			projectDirPath = "";
			projectRoot = "";
			targets = (
				A74507B61F3976C300DFFADF /* PayRoad */,
			);
		};
/* End PBXProject section */

/* Begin PBXResourcesBuildPhase section */
		A74507B51F3976C300DFFADF /* Resources */ = {
			isa = PBXResourcesBuildPhase;
			buildActionMask = 2147483647;
			files = (
				A74507C51F3976C300DFFADF /* LaunchScreen.storyboard in Resources */,
				A7B4F6F11F444DD70049D812 /* TravelView.xib in Resources */,
				A74507F11F39B29000DFFADF /* TravelEditorViewController.storyboard in Resources */,
				E5C9B8EA1F45533B005B1353 /* TransactionTableViewCell.xib in Resources */,
				A74507C21F3976C300DFFADF /* Assets.xcassets in Resources */,
				A74507E71F3991E700DFFADF /* CurrencyTableViewController.storyboard in Resources */,
				A74507DC1F39887B00DFFADF /* TransactionTableViewController.storyboard in Resources */,
				A74507F31F39B2AA00DFFADF /* TransactionEditorViewController.storyboard in Resources */,
				A7B4F6E61F437A320049D812 /* CategoryCollectionViewCell.xib in Resources */,
				A74507F61F39B2C700DFFADF /* CurrencyEditorViewController.storyboard in Resources */,
				A74507C01F3976C300DFFADF /* TravelTableViewController.storyboard in Resources */,
				B3FE8ACF1F3AD58C00A4A6C4 /* CurrencySelectTableViewController.storyboard in Resources */,
			);
			runOnlyForDeploymentPostprocessing = 0;
		};
/* End PBXResourcesBuildPhase section */

/* Begin PBXShellScriptBuildPhase section */
		2478FBA26A58B5BA478048E9 /* [CP] Embed Pods Frameworks */ = {
			isa = PBXShellScriptBuildPhase;
			buildActionMask = 2147483647;
			files = (
			);
			inputPaths = (
				"${SRCROOT}/Pods/Target Support Files/Pods-PayRoad/Pods-PayRoad-frameworks.sh",
				"${BUILT_PRODUCTS_DIR}/Realm/Realm.framework",
				"${BUILT_PRODUCTS_DIR}/RealmSwift/RealmSwift.framework",
			);
			name = "[CP] Embed Pods Frameworks";
			outputPaths = (
				"${TARGET_BUILD_DIR}/${FRAMEWORKS_FOLDER_PATH}/Realm.framework",
				"${TARGET_BUILD_DIR}/${FRAMEWORKS_FOLDER_PATH}/RealmSwift.framework",
			);
			runOnlyForDeploymentPostprocessing = 0;
			shellPath = /bin/sh;
			shellScript = "\"${SRCROOT}/Pods/Target Support Files/Pods-PayRoad/Pods-PayRoad-frameworks.sh\"\n";
			showEnvVarsInLog = 0;
		};
		757D2B083F5008C88442AB10 /* [CP] Check Pods Manifest.lock */ = {
			isa = PBXShellScriptBuildPhase;
			buildActionMask = 2147483647;
			files = (
			);
			inputPaths = (
				"${PODS_PODFILE_DIR_PATH}/Podfile.lock",
				"${PODS_ROOT}/Manifest.lock",
			);
			name = "[CP] Check Pods Manifest.lock";
			outputPaths = (
				"$(DERIVED_FILE_DIR)/Pods-PayRoad-checkManifestLockResult.txt",
			);
			runOnlyForDeploymentPostprocessing = 0;
			shellPath = /bin/sh;
			shellScript = "diff \"${PODS_PODFILE_DIR_PATH}/Podfile.lock\" \"${PODS_ROOT}/Manifest.lock\" > /dev/null\nif [ $? != 0 ] ; then\n    # print error to STDERR\n    echo \"error: The sandbox is not in sync with the Podfile.lock. Run 'pod install' or update your CocoaPods installation.\" >&2\n    exit 1\nfi\n# This output is used by Xcode 'outputs' to avoid re-running this script phase.\necho \"SUCCESS\" > \"${SCRIPT_OUTPUT_FILE_0}\"\n";
			showEnvVarsInLog = 0;
		};
		94C20AD4755C436885F9942C /* [CP] Copy Pods Resources */ = {
			isa = PBXShellScriptBuildPhase;
			buildActionMask = 2147483647;
			files = (
			);
			inputPaths = (
			);
			name = "[CP] Copy Pods Resources";
			outputPaths = (
			);
			runOnlyForDeploymentPostprocessing = 0;
			shellPath = /bin/sh;
			shellScript = "\"${SRCROOT}/Pods/Target Support Files/Pods-PayRoad/Pods-PayRoad-resources.sh\"\n";
			showEnvVarsInLog = 0;
		};
/* End PBXShellScriptBuildPhase section */

/* Begin PBXSourcesBuildPhase section */
		A74507B31F3976C300DFFADF /* Sources */ = {
			isa = PBXSourcesBuildPhase;
			buildActionMask = 2147483647;
			files = (
				A74507DE1F3988BB00DFFADF /* TransactionTableViewController.swift in Sources */,
				A7B4F6EE1F4439C40049D812 /* CustomLabel.swift in Sources */,
				A7B4F6E81F43A30C0049D812 /* UnableInputTextField.swift in Sources */,
				A74507BD1F3976C300DFFADF /* TravelTableViewController.swift in Sources */,
				B38735E81F45C5CE000DC81C /* RealmInitializer.swift in Sources */,
				A74507E41F39905900DFFADF /* CurrencyTableViewController.swift in Sources */,
				A7B4F6E41F437A1F0049D812 /* CategoryCollectionViewCell.swift in Sources */,
				A74507BB1F3976C300DFFADF /* AppDelegate.swift in Sources */,
				E50D13B21F43F2A300BD36CC /* CurrencyBudgetTableViewCell.swift in Sources */,
				E5CADCE01F449D280072AB15 /* TransactionTableViewCell.swift in Sources */,
				A74507DA1F39878B00DFFADF /* Travel.swift in Sources */,
				A7B4F6EC1F4434D30049D812 /* TravelTableViewCell.swift in Sources */,
				E5B26E5D1F3C11A100D63AAB /* DateUtil.swift in Sources */,
				A7EBD2311F3ED8BE0057E844 /* ExtensionUIColor.swift in Sources */,
				A74507E21F398E2200DFFADF /* CurrencyEditorViewController.swift in Sources */,
				A7B4F6E01F436E900049D812 /* ExtensionUIView.swift in Sources */,
				A7B4F6E21F4379920049D812 /* ExtensionDataFormatter.swift in Sources */,
				E5EA601B1F3FD4AC0077B39D /* ExtensionUIImage.swift in Sources */,
				A74507E91F39966600DFFADF /* TransactionEditorViewController.swift in Sources */,
				A77D744A1F457F25002BF9C8 /* ExtensionUIAlertController.swift in Sources */,
				A74507FB1F3A4EBB00DFFADF /* ExtensionUITextField.swift in Sources */,
				A74507FD1F3ADD5600DFFADF /* ExtensionUIStoryboard.swift in Sources */,
				A74507E01F398BB800DFFADF /* Currency.swift in Sources */,
				A74507D81F3984AB00DFFADF /* Transaction.swift in Sources */,
				E50D13B01F42D91200BD36CC /* Category.swift in Sources */,
				E50D13AA1F41C56E00BD36CC /* FileUtil.swift in Sources */,
				B380C12F1F3D3109003857A2 /* DateInRegion.swift in Sources */,
				B3FE8ACD1F3AD50A00A4A6C4 /* CurrencySelectTableViewController.swift in Sources */,
				E50D13AC1F41CB3200BD36CC /* Photo.swift in Sources */,
				A7B4F6F31F444EA80049D812 /* TravelView.swift in Sources */,
				A77D74481F455297002BF9C8 /* TravelEditorViewController.swift in Sources */,
				E5B26E581F3AC8CF00D63AAB /* RealmHelper.swift in Sources */,
				A7EBD22D1F3EB64A0057E844 /* DateSelectCollectionViewCell.swift in Sources */,
				A7EBD22F1F3ED8790057E844 /* ColorStore.swift in Sources */,
				B38735E21F418E51000DC81C /* YMD.swift in Sources */,
			);
			runOnlyForDeploymentPostprocessing = 0;
		};
/* End PBXSourcesBuildPhase section */

/* Begin PBXVariantGroup section */
		A74507BE1F3976C300DFFADF /* TravelTableViewController.storyboard */ = {
			isa = PBXVariantGroup;
			children = (
				A74507BF1F3976C300DFFADF /* Base */,
			);
			name = TravelTableViewController.storyboard;
			sourceTree = "<group>";
		};
		A74507C31F3976C300DFFADF /* LaunchScreen.storyboard */ = {
			isa = PBXVariantGroup;
			children = (
				A74507C41F3976C300DFFADF /* Base */,
			);
			name = LaunchScreen.storyboard;
			sourceTree = "<group>";
		};
		A74507E51F3991E700DFFADF /* CurrencyTableViewController.storyboard */ = {
			isa = PBXVariantGroup;
			children = (
				A74507E61F3991E700DFFADF /* Base */,
			);
			name = CurrencyTableViewController.storyboard;
			sourceTree = "<group>";
		};
		A74507EF1F39B29000DFFADF /* TravelEditorViewController.storyboard */ = {
			isa = PBXVariantGroup;
			children = (
				A74507F01F39B29000DFFADF /* Base */,
			);
			name = TravelEditorViewController.storyboard;
			sourceTree = "<group>";
		};
		A74507F41F39B2C700DFFADF /* CurrencyEditorViewController.storyboard */ = {
			isa = PBXVariantGroup;
			children = (
				A74507F51F39B2C700DFFADF /* Base */,
			);
			name = CurrencyEditorViewController.storyboard;
			sourceTree = "<group>";
		};
/* End PBXVariantGroup section */

/* Begin XCBuildConfiguration section */
		A74507C71F3976C300DFFADF /* Debug */ = {
			isa = XCBuildConfiguration;
			buildSettings = {
				ALWAYS_SEARCH_USER_PATHS = NO;
				CLANG_ANALYZER_NONNULL = YES;
				CLANG_ANALYZER_NUMBER_OBJECT_CONVERSION = YES_AGGRESSIVE;
				CLANG_CXX_LANGUAGE_STANDARD = "gnu++0x";
				CLANG_CXX_LIBRARY = "libc++";
				CLANG_ENABLE_MODULES = YES;
				CLANG_ENABLE_OBJC_ARC = YES;
				CLANG_WARN_BOOL_CONVERSION = YES;
				CLANG_WARN_CONSTANT_CONVERSION = YES;
				CLANG_WARN_DIRECT_OBJC_ISA_USAGE = YES_ERROR;
				CLANG_WARN_DOCUMENTATION_COMMENTS = YES;
				CLANG_WARN_EMPTY_BODY = YES;
				CLANG_WARN_ENUM_CONVERSION = YES;
				CLANG_WARN_INFINITE_RECURSION = YES;
				CLANG_WARN_INT_CONVERSION = YES;
				CLANG_WARN_OBJC_ROOT_CLASS = YES_ERROR;
				CLANG_WARN_SUSPICIOUS_MOVE = YES;
				CLANG_WARN_UNREACHABLE_CODE = YES;
				CLANG_WARN__DUPLICATE_METHOD_MATCH = YES;
				"CODE_SIGN_IDENTITY[sdk=iphoneos*]" = "iPhone Developer";
				COPY_PHASE_STRIP = NO;
				DEBUG_INFORMATION_FORMAT = dwarf;
				ENABLE_STRICT_OBJC_MSGSEND = YES;
				ENABLE_TESTABILITY = YES;
				GCC_C_LANGUAGE_STANDARD = gnu99;
				GCC_DYNAMIC_NO_PIC = NO;
				GCC_NO_COMMON_BLOCKS = YES;
				GCC_OPTIMIZATION_LEVEL = 0;
				GCC_PREPROCESSOR_DEFINITIONS = (
					"DEBUG=1",
					"$(inherited)",
				);
				GCC_WARN_64_TO_32_BIT_CONVERSION = YES;
				GCC_WARN_ABOUT_RETURN_TYPE = YES_ERROR;
				GCC_WARN_UNDECLARED_SELECTOR = YES;
				GCC_WARN_UNINITIALIZED_AUTOS = YES_AGGRESSIVE;
				GCC_WARN_UNUSED_FUNCTION = YES;
				GCC_WARN_UNUSED_VARIABLE = YES;
				IPHONEOS_DEPLOYMENT_TARGET = 10.3;
				MTL_ENABLE_DEBUG_INFO = YES;
				ONLY_ACTIVE_ARCH = YES;
				SDKROOT = iphoneos;
				SWIFT_ACTIVE_COMPILATION_CONDITIONS = DEBUG;
				SWIFT_OPTIMIZATION_LEVEL = "-Onone";
			};
			name = Debug;
		};
		A74507C81F3976C300DFFADF /* Release */ = {
			isa = XCBuildConfiguration;
			buildSettings = {
				ALWAYS_SEARCH_USER_PATHS = NO;
				CLANG_ANALYZER_NONNULL = YES;
				CLANG_ANALYZER_NUMBER_OBJECT_CONVERSION = YES_AGGRESSIVE;
				CLANG_CXX_LANGUAGE_STANDARD = "gnu++0x";
				CLANG_CXX_LIBRARY = "libc++";
				CLANG_ENABLE_MODULES = YES;
				CLANG_ENABLE_OBJC_ARC = YES;
				CLANG_WARN_BOOL_CONVERSION = YES;
				CLANG_WARN_CONSTANT_CONVERSION = YES;
				CLANG_WARN_DIRECT_OBJC_ISA_USAGE = YES_ERROR;
				CLANG_WARN_DOCUMENTATION_COMMENTS = YES;
				CLANG_WARN_EMPTY_BODY = YES;
				CLANG_WARN_ENUM_CONVERSION = YES;
				CLANG_WARN_INFINITE_RECURSION = YES;
				CLANG_WARN_INT_CONVERSION = YES;
				CLANG_WARN_OBJC_ROOT_CLASS = YES_ERROR;
				CLANG_WARN_SUSPICIOUS_MOVE = YES;
				CLANG_WARN_UNREACHABLE_CODE = YES;
				CLANG_WARN__DUPLICATE_METHOD_MATCH = YES;
				"CODE_SIGN_IDENTITY[sdk=iphoneos*]" = "iPhone Developer";
				COPY_PHASE_STRIP = NO;
				DEBUG_INFORMATION_FORMAT = "dwarf-with-dsym";
				ENABLE_NS_ASSERTIONS = NO;
				ENABLE_STRICT_OBJC_MSGSEND = YES;
				GCC_C_LANGUAGE_STANDARD = gnu99;
				GCC_NO_COMMON_BLOCKS = YES;
				GCC_WARN_64_TO_32_BIT_CONVERSION = YES;
				GCC_WARN_ABOUT_RETURN_TYPE = YES_ERROR;
				GCC_WARN_UNDECLARED_SELECTOR = YES;
				GCC_WARN_UNINITIALIZED_AUTOS = YES_AGGRESSIVE;
				GCC_WARN_UNUSED_FUNCTION = YES;
				GCC_WARN_UNUSED_VARIABLE = YES;
				IPHONEOS_DEPLOYMENT_TARGET = 10.3;
				MTL_ENABLE_DEBUG_INFO = NO;
				SDKROOT = iphoneos;
				SWIFT_OPTIMIZATION_LEVEL = "-Owholemodule";
				VALIDATE_PRODUCT = YES;
			};
			name = Release;
		};
		A74507CA1F3976C300DFFADF /* Debug */ = {
			isa = XCBuildConfiguration;
			baseConfigurationReference = 7D962E818C81615168C21B29 /* Pods-PayRoad.debug.xcconfig */;
			buildSettings = {
				ASSETCATALOG_COMPILER_APPICON_NAME = AppIcon;
				"CODE_SIGN_IDENTITY[sdk=iphoneos*]" = "iPhone Developer";
				DEVELOPMENT_TEAM = "";
				INFOPLIST_FILE = PayRoad/Info.plist;
				IPHONEOS_DEPLOYMENT_TARGET = 10.3;
				LD_RUNPATH_SEARCH_PATHS = "$(inherited) @executable_path/Frameworks";
				PRODUCT_BUNDLE_IDENTIFIER = io.refuel.PayRoad;
				PRODUCT_NAME = "$(TARGET_NAME)";
				PROVISIONING_PROFILE_SPECIFIER = "";
				SWIFT_VERSION = 3.0;
			};
			name = Debug;
		};
		A74507CB1F3976C300DFFADF /* Release */ = {
			isa = XCBuildConfiguration;
			baseConfigurationReference = 53275B437C85A3D9CB30A8FA /* Pods-PayRoad.release.xcconfig */;
			buildSettings = {
				ASSETCATALOG_COMPILER_APPICON_NAME = AppIcon;
				"CODE_SIGN_IDENTITY[sdk=iphoneos*]" = "iPhone Developer";
				DEVELOPMENT_TEAM = "";
				INFOPLIST_FILE = PayRoad/Info.plist;
				IPHONEOS_DEPLOYMENT_TARGET = 10.3;
				LD_RUNPATH_SEARCH_PATHS = "$(inherited) @executable_path/Frameworks";
				PRODUCT_BUNDLE_IDENTIFIER = io.refuel.PayRoad;
				PRODUCT_NAME = "$(TARGET_NAME)";
				PROVISIONING_PROFILE_SPECIFIER = "";
				SWIFT_VERSION = 3.0;
			};
			name = Release;
		};
/* End XCBuildConfiguration section */

/* Begin XCConfigurationList section */
		A74507B21F3976C300DFFADF /* Build configuration list for PBXProject "PayRoad" */ = {
			isa = XCConfigurationList;
			buildConfigurations = (
				A74507C71F3976C300DFFADF /* Debug */,
				A74507C81F3976C300DFFADF /* Release */,
			);
			defaultConfigurationIsVisible = 0;
			defaultConfigurationName = Release;
		};
		A74507C91F3976C300DFFADF /* Build configuration list for PBXNativeTarget "PayRoad" */ = {
			isa = XCConfigurationList;
			buildConfigurations = (
				A74507CA1F3976C300DFFADF /* Debug */,
				A74507CB1F3976C300DFFADF /* Release */,
			);
			defaultConfigurationIsVisible = 0;
			defaultConfigurationName = Release;
		};
/* End XCConfigurationList section */
	};
	rootObject = A74507AF1F3976C300DFFADF /* Project object */;
}
